{
  "object": {
    "pins": [
      {
        "package": "CascableCore",
        "repositoryURL": "git@github.com:Cascable/cascablecore-distribution",
        "state": {
          "branch": null,
          "revision": "b880e57274001bd92523bf2cff4af57f5b45a97a",
          "version": "10.0.1"
        }
      }
    ]
  },
  "version": 1
}
