{
  "object": {
    "pins": [
      {
        "package": "CascableCore",
        "repositoryURL": "git@github.com:Cascable/cascablecore-spm-testing",
        "state": {
          "branch": "master",
          "revision": "d9db25b7a6cdf905c465e15901e5cbe6c32de817",
          "version": null
        }
      }
    ]
  },
  "version": 1
}
