{
  "object": {
    "pins": [
      {
        "package": "CascableCore",
        "repositoryURL": "git@github.com:Cascable/cascablecore-spm-testing",
        "state": {
          "branch": "master",
          "revision": "0f6fb84d7f3b7e052f29f3b46e80575a89ef8fd4",
          "version": null
        }
      }
    ]
  },
  "version": 1
}
